{
  "version": 4,
  "terraform_version": "1.1.4",
  "serial": 378,
  "lineage": "8088dbce-6f76-c923-0743-48f580133c98",
  "outputs": {},
  "resources": [
    {
      "mode": "data",
      "type": "aws_caller_identity",
      "name": "current",
      "provider": "provider[\"registry.terraform.io/hashicorp/aws\"]",
      "instances": [
        {
          "schema_version": 0,
          "attributes": {
            "account_id": "585781887322",
            "arn": "arn:aws:iam::585781887322:user/jtran",
            "id": "585781887322",
            "user_id": "AIDAI43YVZESBUSVGEIHO"
          },
          "sensitive_attributes": []
        }
      ]
    },
    {
      "mode": "data",
      "type": "aws_region",
      "name": "current",
      "provider": "provider[\"registry.terraform.io/hashicorp/aws\"]",
      "instances": [
        {
          "schema_version": 0,
          "attributes": {
            "description": "Asia Pacific (Sydney)",
            "endpoint": "ec2.ap-southeast-2.amazonaws.com",
            "id": "ap-southeast-2",
            "name": "ap-southeast-2"
          },
          "sensitive_attributes": []
        }
      ]
    },
    {
      "module": "module.dynamodb",
      "mode": "data",
      "type": "aws_caller_identity",
      "name": "current",
      "provider": "module.dynamodb.provider[\"registry.terraform.io/hashicorp/aws\"]",
      "instances": [
        {
          "schema_version": 0,
          "attributes": {
            "account_id": "585781887322",
            "arn": "arn:aws:iam::585781887322:user/jtran",
            "id": "585781887322",
            "user_id": "AIDAI43YVZESBUSVGEIHO"
          },
          "sensitive_attributes": []
        }
      ]
    },
    {
      "module": "module.dynamodb",
      "mode": "data",
      "type": "aws_region",
      "name": "current",
      "provider": "module.dynamodb.provider[\"registry.terraform.io/hashicorp/aws\"]",
      "instances": [
        {
          "schema_version": 0,
          "attributes": {
            "description": "Asia Pacific (Sydney)",
            "endpoint": "ec2.ap-southeast-2.amazonaws.com",
            "id": "ap-southeast-2",
            "name": "ap-southeast-2"
          },
          "sensitive_attributes": []
        }
      ]
    },
    {
      "module": "module.dynamodb",
      "mode": "managed",
      "type": "aws_dynamodb_table",
      "name": "vault_db",
      "provider": "module.dynamodb.provider[\"registry.terraform.io/hashicorp/aws\"]",
      "instances": [
        {
          "schema_version": 1,
          "attributes": {
            "arn": "arn:aws:dynamodb:ap-southeast-2:585781887322:table/VAULT_BACKEND_STORAGE",
            "attribute": [
              {
                "name": "Key",
                "type": "S"
              },
              {
                "name": "Path",
                "type": "S"
              }
            ],
            "billing_mode": "PAY_PER_REQUEST",
            "global_secondary_index": [],
            "hash_key": "Path",
            "id": "VAULT_BACKEND_STORAGE",
            "local_secondary_index": [],
            "name": "VAULT_BACKEND_STORAGE",
            "point_in_time_recovery": [
              {
                "enabled": true
              }
            ],
            "range_key": "Key",
            "read_capacity": 0,
            "replica": [],
            "restore_date_time": null,
            "restore_source_name": null,
            "restore_to_latest_time": null,
            "server_side_encryption": [],
            "stream_arn": "",
            "stream_enabled": false,
            "stream_label": "",
            "stream_view_type": "",
            "table_class": "",
            "tags": {
              "Environment": "DEV",
              "costcode": "456",
              "lob": "Technology",
              "propagate_at_launch": "true",
              "rea-system-id": "SPACE_INFRA_Vault"
            },
            "tags_all": {
              "Environment": "DEV",
              "costcode": "456",
              "lob": "Technology",
              "propagate_at_launch": "true",
              "rea-system-id": "SPACE_INFRA_Vault"
            },
            "timeouts": null,
            "ttl": [
              {
                "attribute_name": "",
                "enabled": false
              }
            ],
            "write_capacity": 0
          },
          "sensitive_attributes": [],
          "private": "eyJlMmJmYjczMC1lY2FhLTExZTYtOGY4OC0zNDM2M2JjN2M0YzAiOnsiY3JlYXRlIjoxODAwMDAwMDAwMDAwLCJkZWxldGUiOjYwMDAwMDAwMDAwMCwidXBkYXRlIjozNjAwMDAwMDAwMDAwfSwic2NoZW1hX3ZlcnNpb24iOiIxIn0="
        }
      ]
    },
    {
      "module": "module.vault_cluster",
      "mode": "data",
      "type": "aws_caller_identity",
      "name": "current",
      "provider": "module.vault_cluster.provider[\"registry.terraform.io/hashicorp/aws\"]",
      "instances": [
        {
          "schema_version": 0,
          "attributes": {
            "account_id": "585781887322",
            "arn": "arn:aws:iam::585781887322:user/jtran",
            "id": "585781887322",
            "user_id": "AIDAI43YVZESBUSVGEIHO"
          },
          "sensitive_attributes": []
        }
      ]
    },
    {
      "module": "module.vault_cluster",
      "mode": "data",
      "type": "aws_iam_policy_document",
      "name": "role_policy",
      "provider": "module.vault_cluster.provider[\"registry.terraform.io/hashicorp/aws\"]",
      "instances": [
        {
          "schema_version": 0,
          "attributes": {
            "id": "1903849331",
            "json": "{\n  \"Version\": \"2012-10-17\",\n  \"Statement\": [\n    {\n      \"Sid\": \"\",\n      \"Effect\": \"Allow\",\n      \"Action\": \"sts:AssumeRole\",\n      \"Principal\": {\n        \"Service\": \"ec2.amazonaws.com\"\n      }\n    }\n  ]\n}",
            "override_json": null,
            "override_policy_documents": null,
            "policy_id": null,
            "source_json": null,
            "source_policy_documents": null,
            "statement": [
              {
                "actions": [
                  "sts:AssumeRole"
                ],
                "condition": [],
                "effect": "Allow",
                "not_actions": [],
                "not_principals": [],
                "not_resources": [],
                "principals": [
                  {
                    "identifiers": [
                      "ec2.amazonaws.com"
                    ],
                    "type": "Service"
                  }
                ],
                "resources": [],
                "sid": ""
              }
            ],
            "version": "2012-10-17"
          },
          "sensitive_attributes": []
        }
      ]
    },
    {
      "module": "module.vault_cluster",
      "mode": "data",
      "type": "aws_region",
      "name": "current",
      "provider": "module.vault_cluster.provider[\"registry.terraform.io/hashicorp/aws\"]",
      "instances": [
        {
          "schema_version": 0,
          "attributes": {
            "description": "Asia Pacific (Sydney)",
            "endpoint": "ec2.ap-southeast-2.amazonaws.com",
            "id": "ap-southeast-2",
            "name": "ap-southeast-2"
          },
          "sensitive_attributes": []
        }
      ]
    },
    {
      "module": "module.vault_cluster",
      "mode": "managed",
      "type": "aws_autoscaling_group",
      "name": "vault_asg",
      "provider": "module.vault_cluster.provider[\"registry.terraform.io/hashicorp/aws\"]",
      "instances": [
        {
          "schema_version": 0,
          "attributes": {
            "arn": "arn:aws:autoscaling:ap-southeast-2:585781887322:autoScalingGroup:c3244d50-911c-4cc4-ac7e-1761f7d17c95:autoScalingGroupName/vault-dynamo-svr-ASG",
            "availability_zones": [
              "ap-southeast-2a",
              "ap-southeast-2b"
            ],
            "capacity_rebalance": false,
            "default_cooldown": 300,
            "desired_capacity": 3,
            "enabled_metrics": [],
            "force_delete": false,
            "force_delete_warm_pool": false,
            "health_check_grace_period": 300,
            "health_check_type": "EC2",
            "id": "vault-dynamo-svr-ASG",
            "initial_lifecycle_hook": [],
            "instance_refresh": [],
            "launch_configuration": "",
            "launch_template": [
              {
                "id": "lt-09916693c44c2b292",
                "name": "vault-dynamo-svr-LT20220204063500456800000001",
                "version": "$Latest"
              }
            ],
            "load_balancers": [],
            "max_instance_lifetime": 0,
            "max_size": 3,
            "metrics_granularity": "1Minute",
            "min_elb_capacity": null,
            "min_size": 3,
            "mixed_instances_policy": [],
            "name": "vault-dynamo-svr-ASG",
            "name_prefix": "",
            "placement_group": "",
            "protect_from_scale_in": false,
            "service_linked_role_arn": "arn:aws:iam::585781887322:role/aws-service-role/autoscaling.amazonaws.com/AWSServiceRoleForAutoScaling",
            "suspended_processes": [],
            "tag": [
              {
                "key": "rea-system-id",
                "propagate_at_launch": true,
                "value": "vault-dynamo-svr"
              }
            ],
            "tags": null,
            "target_group_arns": [],
            "termination_policies": [
              "Default"
            ],
            "timeouts": null,
            "vpc_zone_identifier": [
              "subnet-04dafc6015a245202",
              "subnet-0dcbe5dc23cad4fae"
            ],
            "wait_for_capacity_timeout": "10m",
            "wait_for_elb_capacity": null,
            "warm_pool": []
          },
          "sensitive_attributes": [],
          "private": "eyJlMmJmYjczMC1lY2FhLTExZTYtOGY4OC0zNDM2M2JjN2M0YzAiOnsiZGVsZXRlIjo2MDAwMDAwMDAwMDB9fQ==",
          "dependencies": [
            "module.vault_cluster.aws_iam_instance_profile.instance_profile",
            "module.vault_cluster.aws_iam_role.instance_role",
            "module.vault_cluster.aws_launch_template.vault_lt",
            "module.vault_cluster.aws_security_group.vault_lt_sg",
            "module.vault_cluster.data.aws_iam_policy_document.role_policy"
          ],
          "create_before_destroy": true
        }
      ]
    },
    {
      "module": "module.vault_cluster",
      "mode": "managed",
      "type": "aws_iam_instance_profile",
      "name": "instance_profile",
      "provider": "module.vault_cluster.provider[\"registry.terraform.io/hashicorp/aws\"]",
      "instances": [
        {
          "schema_version": 0,
          "attributes": {
            "arn": "arn:aws:iam::585781887322:instance-profile/VAULT-SVR-PROFILE",
            "create_date": "2022-02-04T06:34:58Z",
            "id": "VAULT-SVR-PROFILE",
            "name": "VAULT-SVR-PROFILE",
            "name_prefix": null,
            "path": "/",
            "role": "VAULT-SVR-IAM-ROLE",
            "tags": {},
            "tags_all": {},
            "unique_id": "AIPAYQY2SIFNFFDJOHRTH"
          },
          "sensitive_attributes": [],
          "private": "bnVsbA==",
          "dependencies": [
            "module.vault_cluster.aws_iam_role.instance_role",
            "module.vault_cluster.data.aws_iam_policy_document.role_policy"
          ],
          "create_before_destroy": true
        }
      ]
    },
    {
      "module": "module.vault_cluster",
      "mode": "managed",
      "type": "aws_iam_role",
      "name": "instance_role",
      "provider": "module.vault_cluster.provider[\"registry.terraform.io/hashicorp/aws\"]",
      "instances": [
        {
          "schema_version": 0,
          "attributes": {
            "arn": "arn:aws:iam::585781887322:role/VAULT-SVR-IAM-ROLE",
            "assume_role_policy": "{\"Version\":\"2012-10-17\",\"Statement\":[{\"Sid\":\"\",\"Effect\":\"Allow\",\"Principal\":{\"Service\":\"ec2.amazonaws.com\"},\"Action\":\"sts:AssumeRole\"}]}",
            "create_date": "2022-02-04T06:34:54Z",
            "description": "IAM role to attach to vault instances",
            "force_detach_policies": false,
            "id": "VAULT-SVR-IAM-ROLE",
            "inline_policy": [
              {
                "name": "VAULT-IAM-POLICY",
                "policy": "{\"Statement\":[{\"Action\":[\"iam:GetRole\"],\"Effect\":\"Allow\",\"Resource\":\"arn:aws:iam::*:role/*\"},{\"Action\":[\"sts:AssumeRole\"],\"Effect\":\"Allow\",\"Resource\":\"arn:aws:iam::*:role/VaultAccessRole\"},{\"Action\":[\"dynamodb:BatchGetItem\",\"dynamodb:BatchWriteItem\",\"dynamodb:DeleteItem\",\"dynamodb:DescribeLimits\",\"dynamodb:DescribeReservedCapacity\",\"dynamodb:DescribeReservedCapacityOfferings\",\"dynamodb:DescribeTable\",\"dynamodb:DescribeTimeToLive\",\"dynamodb:GetItem\",\"dynamodb:GetRecords\",\"dynamodb:ListTables\",\"dynamodb:ListTagsOfResource\",\"dynamodb:PutItem\",\"dynamodb:Query\",\"dynamodb:Scan\",\"dynamodb:UpdateItem\"],\"Effect\":\"Allow\",\"Resource\":\"arn:aws:dynamodb:ap-southeast-2:585781887322:table/\"},{\"Action\":[\"kms:Encrypt\",\"kms:Decrypt\",\"kms:DescribeKey\"],\"Effect\":\"Allow\",\"Resource\":\"arn:aws:kms:ap-southeast-2:585781887322:key/a992fc45-0801-4ee5-bebe-715ebeccef62\"},{\"Action\":[\"elasticloadbalancing:DescribeTargetHealth\"],\"Effect\":\"Allow\",\"Resource\":\"*\"},{\"Action\":[\"elasticloadbalancing:DescribeInstanceHealth\"],\"Effect\":\"Allow\",\"Resource\":\"*\"},{\"Action\":\"elasticloadbalancing:DescribeInstanceHealth\",\"Effect\":\"Allow\",\"Resource\":\"*\"},{\"Action\":\"elasticloadbalancing:DescribeTargetHealth\",\"Effect\":\"Allow\",\"Resource\":\"*\"},{\"Action\":[\"autoscaling:DescribeAutoScalingInstances\",\"autoscaling:DescribeLifecycleHooks\",\"autoscaling:RecordLifecycleActionHeartbeat\",\"autoscaling:CompleteLifecycleAction\",\"autoscaling:SetInstanceHealth\"],\"Effect\":\"Allow\",\"Resource\":\"*\"},{\"Action\":\"kms:Decrypt\",\"Effect\":\"Allow\",\"Resource\":[\"arn:aws:kms:ap-southeast-2:585781887322:key/a992fc45-0801-4ee5-bebe-715ebeccef62\"]},{\"Action\":[\"cloudwatch:PutMetricData\",\"ec2:DescribeTags\"],\"Effect\":\"Allow\",\"Resource\":\"*\"}],\"Version\":\"2012-10-17\"}"
              }
            ],
            "managed_policy_arns": [],
            "max_session_duration": 3600,
            "name": "VAULT-SVR-IAM-ROLE",
            "name_prefix": "",
            "path": "/",
            "permissions_boundary": null,
            "tags": {},
            "tags_all": {},
            "unique_id": "AROAYQY2SIFNDRMZSNYPO"
          },
          "sensitive_attributes": [],
          "private": "bnVsbA==",
          "dependencies": [
            "module.vault_cluster.data.aws_iam_policy_document.role_policy"
          ],
          "create_before_destroy": true
        }
      ]
    },
    {
      "module": "module.vault_cluster",
      "mode": "managed",
      "type": "aws_iam_role_policy",
      "name": "vault_iam_policy",
      "provider": "module.vault_cluster.provider[\"registry.terraform.io/hashicorp/aws\"]",
      "instances": [
        {
          "schema_version": 0,
          "attributes": {
            "id": "VAULT-SVR-IAM-ROLE:VAULT-IAM-POLICY",
            "name": "VAULT-IAM-POLICY",
            "name_prefix": null,
            "policy": "{\"Statement\":[{\"Action\":[\"iam:GetRole\"],\"Effect\":\"Allow\",\"Resource\":\"arn:aws:iam::*:role/*\"},{\"Action\":[\"sts:AssumeRole\"],\"Effect\":\"Allow\",\"Resource\":\"arn:aws:iam::*:role/VaultAccessRole\"},{\"Action\":[\"dynamodb:BatchGetItem\",\"dynamodb:BatchWriteItem\",\"dynamodb:DeleteItem\",\"dynamodb:DescribeLimits\",\"dynamodb:DescribeReservedCapacity\",\"dynamodb:DescribeReservedCapacityOfferings\",\"dynamodb:DescribeTable\",\"dynamodb:DescribeTimeToLive\",\"dynamodb:GetItem\",\"dynamodb:GetRecords\",\"dynamodb:ListTables\",\"dynamodb:ListTagsOfResource\",\"dynamodb:PutItem\",\"dynamodb:Query\",\"dynamodb:Scan\",\"dynamodb:UpdateItem\"],\"Effect\":\"Allow\",\"Resource\":\"arn:aws:dynamodb:ap-southeast-2:585781887322:table/\"},{\"Action\":[\"kms:Encrypt\",\"kms:Decrypt\",\"kms:DescribeKey\"],\"Effect\":\"Allow\",\"Resource\":\"arn:aws:kms:ap-southeast-2:585781887322:key/a992fc45-0801-4ee5-bebe-715ebeccef62\"},{\"Action\":[\"elasticloadbalancing:DescribeTargetHealth\"],\"Effect\":\"Allow\",\"Resource\":\"*\"},{\"Action\":[\"elasticloadbalancing:DescribeInstanceHealth\"],\"Effect\":\"Allow\",\"Resource\":\"*\"},{\"Action\":\"elasticloadbalancing:DescribeInstanceHealth\",\"Effect\":\"Allow\",\"Resource\":\"*\"},{\"Action\":\"elasticloadbalancing:DescribeTargetHealth\",\"Effect\":\"Allow\",\"Resource\":\"*\"},{\"Action\":[\"autoscaling:DescribeAutoScalingInstances\",\"autoscaling:DescribeLifecycleHooks\",\"autoscaling:RecordLifecycleActionHeartbeat\",\"autoscaling:CompleteLifecycleAction\",\"autoscaling:SetInstanceHealth\"],\"Effect\":\"Allow\",\"Resource\":\"*\"},{\"Action\":\"kms:Decrypt\",\"Effect\":\"Allow\",\"Resource\":[\"arn:aws:kms:ap-southeast-2:585781887322:key/a992fc45-0801-4ee5-bebe-715ebeccef62\"]},{\"Action\":[\"cloudwatch:PutMetricData\",\"ec2:DescribeTags\"],\"Effect\":\"Allow\",\"Resource\":\"*\"}],\"Version\":\"2012-10-17\"}",
            "role": "VAULT-SVR-IAM-ROLE"
          },
          "sensitive_attributes": [],
          "private": "bnVsbA==",
          "dependencies": [
            "module.vault_cluster.aws_iam_role.instance_role",
            "module.vault_cluster.aws_kms_key.unseal_key",
            "module.vault_cluster.data.aws_caller_identity.current",
            "module.vault_cluster.data.aws_iam_policy_document.role_policy"
          ]
        }
      ]
    },
    {
      "module": "module.vault_cluster",
      "mode": "managed",
      "type": "aws_kms_alias",
      "name": "kms_key",
      "provider": "module.vault_cluster.provider[\"registry.terraform.io/hashicorp/aws\"]",
      "instances": [
        {
          "schema_version": 0,
          "attributes": {
            "arn": "arn:aws:kms:ap-southeast-2:585781887322:alias/VAULT_UNSEAL_KEY",
            "id": "alias/VAULT_UNSEAL_KEY",
            "name": "alias/VAULT_UNSEAL_KEY",
            "name_prefix": "",
            "target_key_arn": "arn:aws:kms:ap-southeast-2:585781887322:key/a992fc45-0801-4ee5-bebe-715ebeccef62",
            "target_key_id": "a992fc45-0801-4ee5-bebe-715ebeccef62"
          },
          "sensitive_attributes": [],
          "private": "bnVsbA==",
          "dependencies": [
            "module.vault_cluster.aws_kms_key.unseal_key"
          ]
        }
      ]
    },
    {
      "module": "module.vault_cluster",
      "mode": "managed",
      "type": "aws_kms_key",
      "name": "unseal_key",
      "provider": "module.vault_cluster.provider[\"registry.terraform.io/hashicorp/aws\"]",
      "instances": [
        {
          "schema_version": 0,
          "attributes": {
            "arn": "arn:aws:kms:ap-southeast-2:585781887322:key/a992fc45-0801-4ee5-bebe-715ebeccef62",
            "bypass_policy_lockout_safety_check": false,
            "customer_master_key_spec": "SYMMETRIC_DEFAULT",
            "deletion_window_in_days": null,
            "description": "This is used for auto unseal vault",
            "enable_key_rotation": false,
            "id": "a992fc45-0801-4ee5-bebe-715ebeccef62",
            "is_enabled": true,
            "key_id": "a992fc45-0801-4ee5-bebe-715ebeccef62",
            "key_usage": "ENCRYPT_DECRYPT",
            "multi_region": false,
            "policy": "{\"Id\":\"key-default-1\",\"Statement\":[{\"Action\":\"kms:*\",\"Effect\":\"Allow\",\"Principal\":{\"AWS\":\"arn:aws:iam::585781887322:root\"},\"Resource\":\"*\",\"Sid\":\"Enable IAM User Permissions\"}],\"Version\":\"2012-10-17\"}",
            "tags": {
              "Name": "VAULT-CLUSTER"
            },
            "tags_all": {
              "Name": "VAULT-CLUSTER"
            }
          },
          "sensitive_attributes": [],
          "private": "bnVsbA=="
        }
      ]
    },
    {
      "module": "module.vault_cluster",
      "mode": "managed",
      "type": "aws_launch_template",
      "name": "vault_lt",
      "provider": "module.vault_cluster.provider[\"registry.terraform.io/hashicorp/aws\"]",
      "instances": [
        {
          "schema_version": 0,
          "attributes": {
            "arn": "arn:aws:ec2:ap-southeast-2:585781887322:launch-template/lt-09916693c44c2b292",
            "block_device_mappings": [
              {
                "device_name": "/dev/sda1",
                "ebs": [
                  {
                    "delete_on_termination": "true",
                    "encrypted": "false",
                    "iops": 0,
                    "kms_key_id": "",
                    "snapshot_id": "",
                    "throughput": 0,
                    "volume_size": 10,
                    "volume_type": "standard"
                  }
                ],
                "no_device": "",
                "virtual_name": ""
              }
            ],
            "capacity_reservation_specification": [],
            "cpu_options": [],
            "credit_specification": [],
            "default_version": 1,
            "description": "",
            "disable_api_termination": false,
            "ebs_optimized": "",
            "elastic_gpu_specifications": [],
            "elastic_inference_accelerator": [],
            "enclave_options": [],
            "hibernation_options": [],
            "iam_instance_profile": [
              {
                "arn": "arn:aws:iam::585781887322:instance-profile/VAULT-SVR-PROFILE",
                "name": ""
              }
            ],
            "id": "lt-09916693c44c2b292",
            "image_id": "ami-0c481170e71fe35c5",
            "instance_initiated_shutdown_behavior": "",
            "instance_market_options": [],
            "instance_type": "t2.micro",
            "kernel_id": "",
            "key_name": "DevOP-APP01",
            "latest_version": 1,
            "license_specification": [],
            "metadata_options": [],
            "monitoring": [],
            "name": "vault-dynamo-svr-LT20220204063500456800000001",
            "name_prefix": "vault-dynamo-svr-LT",
            "network_interfaces": [],
            "placement": [],
            "ram_disk_id": "",
            "security_group_names": [],
            "tag_specifications": [
              {
                "resource_type": "instance",
                "tags": {
                  "Name": "vault-dynamo-svr"
                }
              }
            ],
            "tags": {},
            "tags_all": {},
            "update_default_version": null,
            "user_data": "",
            "vpc_security_group_ids": [
              "sg-0bd88b0ef86e868e6"
            ]
          },
          "sensitive_attributes": [],
          "private": "bnVsbA==",
          "dependencies": [
            "module.vault_cluster.aws_iam_instance_profile.instance_profile",
            "module.vault_cluster.aws_iam_role.instance_role",
            "module.vault_cluster.aws_security_group.vault_lt_sg",
            "module.vault_cluster.data.aws_iam_policy_document.role_policy"
          ],
          "create_before_destroy": true
        }
      ]
    },
    {
      "module": "module.vault_cluster",
      "mode": "managed",
      "type": "aws_security_group",
      "name": "vault_lt_sg",
      "provider": "module.vault_cluster.provider[\"registry.terraform.io/hashicorp/aws\"]",
      "instances": [
        {
          "schema_version": 1,
          "attributes": {
            "arn": "arn:aws:ec2:ap-southeast-2:585781887322:security-group/sg-0bd88b0ef86e868e6",
            "description": "Security to control network traffic to Vault Instances",
            "egress": [],
            "id": "sg-0bd88b0ef86e868e6",
            "ingress": [
              {
                "cidr_blocks": [
                  "0.0.0.0/0"
                ],
                "description": "",
                "from_port": 22,
                "ipv6_cidr_blocks": [],
                "prefix_list_ids": [],
                "protocol": "tcp",
                "security_groups": [],
                "self": false,
                "to_port": 22
              },
              {
                "cidr_blocks": [
                  "0.0.0.0/0"
                ],
                "description": "",
                "from_port": 8080,
                "ipv6_cidr_blocks": [],
                "prefix_list_ids": [],
                "protocol": "tcp",
                "security_groups": [],
                "self": false,
                "to_port": 8080
              },
              {
                "cidr_blocks": [
                  "0.0.0.0/0"
                ],
                "description": "",
                "from_port": 8200,
                "ipv6_cidr_blocks": [],
                "prefix_list_ids": [],
                "protocol": "tcp",
                "security_groups": [],
                "self": false,
                "to_port": 8200
              },
              {
                "cidr_blocks": [
                  "0.0.0.0/0"
                ],
                "description": "",
                "from_port": 8201,
                "ipv6_cidr_blocks": [],
                "prefix_list_ids": [],
                "protocol": "tcp",
                "security_groups": [],
                "self": false,
                "to_port": 8201
              }
            ],
            "name": "vault-dynamo-svr-SG",
            "name_prefix": "",
            "owner_id": "585781887322",
            "revoke_rules_on_delete": false,
            "tags": {
              "Name": "vault-dynamo-svr-SG",
              "rea-system-id": "vault-dynamo-svr"
            },
            "tags_all": {
              "Name": "vault-dynamo-svr-SG",
              "rea-system-id": "vault-dynamo-svr"
            },
            "timeouts": null,
            "vpc_id": "vpc-0c6c0a488ab519e12"
          },
          "sensitive_attributes": [],
          "private": "eyJlMmJmYjczMC1lY2FhLTExZTYtOGY4OC0zNDM2M2JjN2M0YzAiOnsiY3JlYXRlIjo2MDAwMDAwMDAwMDAsImRlbGV0ZSI6OTAwMDAwMDAwMDAwfSwic2NoZW1hX3ZlcnNpb24iOiIxIn0=",
          "create_before_destroy": true
        }
      ]
    },
    {
      "module": "module.vault_cluster",
      "mode": "managed",
      "type": "aws_security_group_rule",
      "name": "lb_healthcheck",
      "provider": "module.vault_cluster.provider[\"registry.terraform.io/hashicorp/aws\"]",
      "instances": [
        {
          "schema_version": 2,
          "attributes": {
            "cidr_blocks": [
              "10.0.0.0/16"
            ],
            "description": null,
            "from_port": 8080,
            "id": "sgrule-2714010358",
            "ipv6_cidr_blocks": null,
            "prefix_list_ids": null,
            "protocol": "tcp",
            "security_group_id": "sg-0bd88b0ef86e868e6",
            "self": false,
            "source_security_group_id": null,
            "to_port": 8080,
            "type": "ingress"
          },
          "sensitive_attributes": [],
          "private": "eyJzY2hlbWFfdmVyc2lvbiI6IjIifQ==",
          "dependencies": [
            "module.vault_cluster.aws_security_group.vault_lt_sg"
          ]
        }
      ]
    },
    {
      "module": "module.vault_cluster",
      "mode": "managed",
      "type": "aws_security_group_rule",
      "name": "ssh_inbound",
      "provider": "module.vault_cluster.provider[\"registry.terraform.io/hashicorp/aws\"]",
      "instances": [
        {
          "schema_version": 2,
          "attributes": {
            "cidr_blocks": [
              "0.0.0.0/0"
            ],
            "description": "",
            "from_port": 22,
            "id": "sgrule-270304539",
            "ipv6_cidr_blocks": [],
            "prefix_list_ids": [],
            "protocol": "tcp",
            "security_group_id": "sg-0bd88b0ef86e868e6",
            "self": false,
            "source_security_group_id": null,
            "to_port": 22,
            "type": "ingress"
          },
          "sensitive_attributes": [],
          "private": "eyJzY2hlbWFfdmVyc2lvbiI6IjIifQ==",
          "dependencies": [
            "module.vault_cluster.aws_security_group.vault_lt_sg"
          ]
        }
      ]
    },
    {
      "module": "module.vault_cluster",
      "mode": "managed",
      "type": "aws_security_group_rule",
      "name": "vault_api",
      "provider": "module.vault_cluster.provider[\"registry.terraform.io/hashicorp/aws\"]",
      "instances": [
        {
          "schema_version": 2,
          "attributes": {
            "cidr_blocks": [
              "0.0.0.0/0"
            ],
            "description": "",
            "from_port": 8201,
            "id": "sgrule-493348371",
            "ipv6_cidr_blocks": [],
            "prefix_list_ids": [],
            "protocol": "tcp",
            "security_group_id": "sg-0bd88b0ef86e868e6",
            "self": false,
            "source_security_group_id": null,
            "to_port": 8201,
            "type": "ingress"
          },
          "sensitive_attributes": [],
          "private": "eyJzY2hlbWFfdmVyc2lvbiI6IjIifQ==",
          "dependencies": [
            "module.vault_cluster.aws_security_group.vault_lt_sg"
          ]
        }
      ]
    },
    {
      "module": "module.vault_cluster",
      "mode": "managed",
      "type": "aws_security_group_rule",
      "name": "vault_inbound",
      "provider": "module.vault_cluster.provider[\"registry.terraform.io/hashicorp/aws\"]",
      "instances": [
        {
          "schema_version": 2,
          "attributes": {
            "cidr_blocks": [
              "0.0.0.0/0"
            ],
            "description": "",
            "from_port": 8200,
            "id": "sgrule-4282735120",
            "ipv6_cidr_blocks": [],
            "prefix_list_ids": [],
            "protocol": "tcp",
            "security_group_id": "sg-0bd88b0ef86e868e6",
            "self": false,
            "source_security_group_id": null,
            "to_port": 8200,
            "type": "ingress"
          },
          "sensitive_attributes": [],
          "private": "eyJzY2hlbWFfdmVyc2lvbiI6IjIifQ==",
          "dependencies": [
            "module.vault_cluster.aws_security_group.vault_lt_sg"
          ]
        }
      ]
    },
    {
      "module": "module.vault_lb",
      "mode": "data",
      "type": "aws_caller_identity",
      "name": "current",
      "provider": "module.vault_lb.provider[\"registry.terraform.io/hashicorp/aws\"]",
      "instances": [
        {
          "schema_version": 0,
          "attributes": {
            "account_id": "585781887322",
            "arn": "arn:aws:iam::585781887322:user/jtran",
            "id": "585781887322",
            "user_id": "AIDAI43YVZESBUSVGEIHO"
          },
          "sensitive_attributes": []
        }
      ]
    },
    {
      "module": "module.vault_lb",
      "mode": "data",
      "type": "aws_region",
      "name": "current",
      "provider": "module.vault_lb.provider[\"registry.terraform.io/hashicorp/aws\"]",
      "instances": [
        {
          "schema_version": 0,
          "attributes": {
            "description": "Asia Pacific (Sydney)",
            "endpoint": "ec2.ap-southeast-2.amazonaws.com",
            "id": "ap-southeast-2",
            "name": "ap-southeast-2"
          },
          "sensitive_attributes": []
        }
      ]
    },
    {
      "module": "module.vault_lb",
      "mode": "managed",
      "type": "aws_autoscaling_attachment",
      "name": "alb_autoscale",
      "provider": "module.vault_lb.provider[\"registry.terraform.io/hashicorp/aws\"]",
      "instances": [
        {
          "schema_version": 0,
          "attributes": {
            "alb_target_group_arn": "arn:aws:elasticloadbalancing:ap-southeast-2:585781887322:targetgroup/vault-lb-tg/587bb2abeeaafbdf",
            "autoscaling_group_name": "vault-dynamo-svr-ASG",
            "elb": null,
            "id": "vault-dynamo-svr-ASG-20220204064836912000000001"
          },
          "sensitive_attributes": [],
          "private": "bnVsbA==",
          "dependencies": [
            "module.vault_cluster.aws_autoscaling_group.vault_asg",
            "module.vault_lb.aws_lb_target_group.vault_tg"
          ]
        }
      ]
    },
    {
      "module": "module.vault_lb",
      "mode": "managed",
      "type": "aws_lb",
      "name": "vault_alb",
      "provider": "module.vault_lb.provider[\"registry.terraform.io/hashicorp/aws\"]",
      "instances": [
        {
          "schema_version": 0,
          "attributes": {
            "access_logs": [
              {
                "bucket": "",
                "enabled": false,
                "prefix": ""
              }
            ],
            "arn": "arn:aws:elasticloadbalancing:ap-southeast-2:585781887322:loadbalancer/app/VAULT-LOAD-BALANCER/f1f25a0537cb53d3",
            "arn_suffix": "app/VAULT-LOAD-BALANCER/f1f25a0537cb53d3",
            "customer_owned_ipv4_pool": "",
            "desync_mitigation_mode": "defensive",
            "dns_name": "VAULT-LOAD-BALANCER-2038109456.ap-southeast-2.elb.amazonaws.com",
            "drop_invalid_header_fields": false,
            "enable_cross_zone_load_balancing": null,
            "enable_deletion_protection": false,
            "enable_http2": true,
            "enable_waf_fail_open": false,
            "id": "arn:aws:elasticloadbalancing:ap-southeast-2:585781887322:loadbalancer/app/VAULT-LOAD-BALANCER/f1f25a0537cb53d3",
            "idle_timeout": 60,
            "internal": false,
            "ip_address_type": "ipv4",
            "load_balancer_type": "application",
            "name": "VAULT-LOAD-BALANCER",
            "name_prefix": null,
            "security_groups": [
              "sg-025d281362537dcb3"
            ],
            "subnet_mapping": [
              {
                "allocation_id": "",
                "ipv6_address": "",
                "outpost_id": "",
                "private_ipv4_address": "",
                "subnet_id": "subnet-01a79e54dd1a0064c"
              },
              {
                "allocation_id": "",
                "ipv6_address": "",
                "outpost_id": "",
                "private_ipv4_address": "",
                "subnet_id": "subnet-0927958e96802d4df"
              }
            ],
            "subnets": [
              "subnet-01a79e54dd1a0064c",
              "subnet-0927958e96802d4df"
            ],
            "tags": {
              "Name": "VAULT-LOADBALANCER-TST"
            },
            "tags_all": {
              "Name": "VAULT-LOADBALANCER-TST"
            },
            "timeouts": null,
            "vpc_id": "vpc-0c6c0a488ab519e12",
            "zone_id": "Z1GM3OXH4ZPM65"
          },
          "sensitive_attributes": [],
          "private": "eyJlMmJmYjczMC1lY2FhLTExZTYtOGY4OC0zNDM2M2JjN2M0YzAiOnsiY3JlYXRlIjo2MDAwMDAwMDAwMDAsImRlbGV0ZSI6NjAwMDAwMDAwMDAwLCJ1cGRhdGUiOjYwMDAwMDAwMDAwMH19",
          "create_before_destroy": true
        }
      ]
    },
    {
      "module": "module.vault_lb",
      "mode": "managed",
      "type": "aws_lb_listener",
      "name": "nlb_listener",
      "provider": "module.vault_lb.provider[\"registry.terraform.io/hashicorp/aws\"]",
      "instances": [
        {
          "schema_version": 0,
          "attributes": {
            "alpn_policy": null,
            "arn": "arn:aws:elasticloadbalancing:ap-southeast-2:585781887322:listener/app/VAULT-LOAD-BALANCER/f1f25a0537cb53d3/32d63359a87a5d1e",
            "certificate_arn": "arn:aws:acm:ap-southeast-2:585781887322:certificate/2d78d1df-0d81-478a-ab98-18cdd6ee9f06",
            "default_action": [
              {
                "authenticate_cognito": [],
                "authenticate_oidc": [],
                "fixed_response": [],
                "forward": [],
                "order": 1,
                "redirect": [],
                "target_group_arn": "arn:aws:elasticloadbalancing:ap-southeast-2:585781887322:targetgroup/vault-lb-tg/587bb2abeeaafbdf",
                "type": "forward"
              }
            ],
            "id": "arn:aws:elasticloadbalancing:ap-southeast-2:585781887322:listener/app/VAULT-LOAD-BALANCER/f1f25a0537cb53d3/32d63359a87a5d1e",
            "load_balancer_arn": "arn:aws:elasticloadbalancing:ap-southeast-2:585781887322:loadbalancer/app/VAULT-LOAD-BALANCER/f1f25a0537cb53d3",
            "port": 443,
            "protocol": "HTTPS",
            "ssl_policy": "ELBSecurityPolicy-2016-08",
            "tags": {},
            "tags_all": {},
            "timeouts": null
          },
          "sensitive_attributes": [],
          "private": "eyJlMmJmYjczMC1lY2FhLTExZTYtOGY4OC0zNDM2M2JjN2M0YzAiOnsicmVhZCI6NjAwMDAwMDAwMDAwfX0=",
          "dependencies": [
            "module.vault_lb.aws_lb.vault_alb",
            "module.vault_lb.aws_lb_target_group.vault_tg"
          ]
        }
      ]
    },
    {
      "module": "module.vault_lb",
      "mode": "managed",
      "type": "aws_lb_target_group",
      "name": "vault_tg",
      "provider": "module.vault_lb.provider[\"registry.terraform.io/hashicorp/aws\"]",
      "instances": [
        {
          "schema_version": 0,
          "attributes": {
            "arn": "arn:aws:elasticloadbalancing:ap-southeast-2:585781887322:targetgroup/vault-lb-tg/587bb2abeeaafbdf",
            "arn_suffix": "targetgroup/vault-lb-tg/587bb2abeeaafbdf",
            "connection_termination": false,
            "deregistration_delay": "300",
            "health_check": [
              {
                "enabled": true,
                "healthy_threshold": 6,
                "interval": 5,
                "matcher": "200",
                "path": "/v1/sys/health?standbyok=true",
                "port": "8080",
                "protocol": "HTTP",
                "timeout": 2,
                "unhealthy_threshold": 2
              }
            ],
            "id": "arn:aws:elasticloadbalancing:ap-southeast-2:585781887322:targetgroup/vault-lb-tg/587bb2abeeaafbdf",
            "lambda_multi_value_headers_enabled": false,
            "load_balancing_algorithm_type": "round_robin",
            "name": "vault-lb-tg",
            "name_prefix": null,
            "port": 8080,
            "preserve_client_ip": null,
            "protocol": "HTTP",
            "protocol_version": "HTTP1",
            "proxy_protocol_v2": false,
            "slow_start": 0,
            "stickiness": [
              {
                "cookie_duration": 86400,
                "cookie_name": "",
                "enabled": false,
                "type": "lb_cookie"
              }
            ],
            "tags": {
              "Environment": "test"
            },
            "tags_all": {
              "Environment": "test"
            },
            "target_type": "instance",
            "vpc_id": "vpc-0c6c0a488ab519e12"
          },
          "sensitive_attributes": [],
          "private": "bnVsbA==",
          "dependencies": [
            "module.vault_lb.aws_lb.vault_alb"
          ],
          "create_before_destroy": true
        }
      ]
    },
    {
      "module": "module.vault_lb",
      "mode": "managed",
      "type": "aws_route53_record",
      "name": "elb_dns",
      "provider": "module.vault_lb.provider[\"registry.terraform.io/hashicorp/aws\"]",
      "instances": [
        {
          "schema_version": 2,
          "attributes": {
            "alias": [
              {
                "evaluate_target_health": false,
                "name": "vault-load-balancer-2038109456.ap-southeast-2.elb.amazonaws.com",
                "zone_id": "Z1GM3OXH4ZPM65"
              }
            ],
            "allow_overwrite": null,
            "failover_routing_policy": [],
            "fqdn": "vault.solzarc.co",
            "geolocation_routing_policy": [],
            "health_check_id": "",
            "id": "Z08027841ZVT9N3G9DFFK_vault.solzarc.co_A",
            "latency_routing_policy": [],
            "multivalue_answer_routing_policy": null,
            "name": "vault.solzarc.co",
            "records": [],
            "set_identifier": "",
            "ttl": 0,
            "type": "A",
            "weighted_routing_policy": [],
            "zone_id": "Z08027841ZVT9N3G9DFFK"
          },
          "sensitive_attributes": [],
          "private": "eyJzY2hlbWFfdmVyc2lvbiI6IjIifQ==",
          "dependencies": [
            "module.vault_lb.aws_lb.vault_alb"
          ]
        }
      ]
    }
  ]
}
